
Microsoft Visual Studio Solution File, Format Version 12.00
# Visual Studio Version 17
VisualStudioVersion = 17.7.34202.233
MinimumVisualStudioVersion = 10.0.40219.1
Project("{FAE04EC0-301F-11D3-BF4B-00C04F79EFBC}") = "QuanLyTracNghiem", "QuanLyTracNghiem\QuanLyTracNghiem.csproj", "{0A1810A0-E9EF-4FF3-8EC6-0651CEEB17DE}"
EndProject
Global
	GlobalSection(SolutionConfigurationPlatforms) = preSolution
		Debug|Any CPU = Debug|Any CPU
		Release|Any CPU = Release|Any CPU
	EndGlobalSection
	GlobalSection(ProjectConfigurationPlatforms) = postSolution
		{0A1810A0-E9EF-4FF3-8EC6-0651CEEB17DE}.Debug|Any CPU.ActiveCfg = Debug|Any CPU
		{0A1810A0-E9EF-4FF3-8EC6-0651CEEB17DE}.Debug|Any CPU.Build.0 = Debug|Any CPU
		{0A1810A0-E9EF-4FF3-8EC6-0651CEEB17DE}.Release|Any CPU.ActiveCfg = Release|Any CPU
		{0A1810A0-E9EF-4FF3-8EC6-0651CEEB17DE}.Release|Any CPU.Build.0 = Release|Any CPU
	EndGlobalSection
	GlobalSection(SolutionProperties) = preSolution
		HideSolutionNode = FALSE
	EndGlobalSection
	GlobalSection(ExtensibilityGlobals) = postSolution
		SolutionGuid = {8BE32DE0-7277-4031-B26E-E3ED4B499719}
	EndGlobalSection
EndGlobal
