
Microsoft Visual Studio Solution File, Format Version 12.00
# Visual Studio Version 17
VisualStudioVersion = 17.8.34330.188
MinimumVisualStudioVersion = 10.0.40219.1
Project("{FAE04EC0-301F-11D3-BF4B-00C04F79EFBC}") = "QuanLyTracNghiem", "QuanLyTracNghiem.csproj", "{72AE3771-C518-4EC3-86E4-F88B60D3F4EF}"
EndProject
Global
	GlobalSection(SolutionConfigurationPlatforms) = preSolution
		Debug|Any CPU = Debug|Any CPU
		Release|Any CPU = Release|Any CPU
	EndGlobalSection
	GlobalSection(ProjectConfigurationPlatforms) = postSolution
		{72AE3771-C518-4EC3-86E4-F88B60D3F4EF}.Debug|Any CPU.ActiveCfg = Debug|Any CPU
		{72AE3771-C518-4EC3-86E4-F88B60D3F4EF}.Debug|Any CPU.Build.0 = Debug|Any CPU
		{72AE3771-C518-4EC3-86E4-F88B60D3F4EF}.Release|Any CPU.ActiveCfg = Release|Any CPU
		{72AE3771-C518-4EC3-86E4-F88B60D3F4EF}.Release|Any CPU.Build.0 = Release|Any CPU
	EndGlobalSection
	GlobalSection(SolutionProperties) = preSolution
		HideSolutionNode = FALSE
	EndGlobalSection
	GlobalSection(ExtensibilityGlobals) = postSolution
		SolutionGuid = {301CEE07-4784-44BF-A35C-73642368FBBA}
	EndGlobalSection
EndGlobal
